# THIS IS AN AUTOGENERATED FILE. DO NOT EDIT THIS FILE DIRECTLY.
# yarn lockfile v1


"@babel/runtime@^7.1.2", "@babel/runtime@^7.3.1", "@babel/runtime@^7.4.0", "@babel/runtime@^7.4.4", "@babel/runtime@^7.5.5", "@babel/runtime@^7.6.2", "@babel/runtime@^7.6.3":
  version "7.7.7"
  resolved "https://registry.yarnpkg.com/@babel/runtime/-/runtime-7.7.7.tgz#194769ca8d6d7790ec23605af9ee3e42a0aa79cf"
  integrity sha512-uCnC2JEVAu8AKB5do1WRIsvrdJ0flYx/A/9f/6chdacnEZ7LmavjdsDXr5ksYBegxtuTPR5Va9/+13QF/kFkCA==
  dependencies:
    regenerator-runtime "^0.13.2"

"@emotion/hash@^0.7.1":
  version "0.7.4"
  resolved "https://registry.yarnpkg.com/@emotion/hash/-/hash-0.7.4.tgz#f14932887422c9056b15a8d222a9074a7dfa2831"
  integrity sha512-fxfMSBMX3tlIbKUdtGKxqB1fyrH6gVrX39Gsv3y8lRYKUqlgDt3UMqQyGnR1bQMa2B8aGnhLZokZgg8vT0Le+A==

"@material-ui/core@^4.8.1":
  version "4.8.1"
  resolved "https://registry.yarnpkg.com/@material-ui/core/-/core-4.8.1.tgz#a2451739e2b4a478f8f9f364a5a87b8896c76b97"
  integrity sha512-fAIysk8JiV+TbqI7uWo/kunmwPROEz9JvE2gE4xmAgLikF7rfoodhFL6aV5clIzWelpdRbcOUYfGaq2yAnjOoA==
  dependencies:
    "@babel/runtime" "^7.4.4"
    "@material-ui/styles" "^4.7.1"
    "@material-ui/system" "^4.7.1"
    "@material-ui/types" "^4.1.1"
    "@material-ui/utils" "^4.7.1"
    "@types/react-transition-group" "^4.2.0"
    clsx "^1.0.2"
    convert-css-length "^2.0.1"
    hoist-non-react-statics "^3.2.1"
    normalize-scroll-left "^0.2.0"
    popper.js "^1.14.1"
    prop-types "^15.7.2"
    react-is "^16.8.0"
    react-transition-group "^4.3.0"

"@material-ui/icons@^4.5.1":
  version "4.5.1"
  resolved "https://registry.yarnpkg.com/@material-ui/icons/-/icons-4.5.1.tgz#6963bad139e938702ece85ca43067688018f04f8"
  integrity sha512-YZ/BgJbXX4a0gOuKWb30mBaHaoXRqPanlePam83JQPZ/y4kl+3aW0Wv9tlR70hB5EGAkEJGW5m4ktJwMgxQAeA==
  dependencies:
    "@babel/runtime" "^7.4.4"

"@material-ui/styles@^4.7.1":
  version "4.7.1"
  resolved "https://registry.yarnpkg.com/@material-ui/styles/-/styles-4.7.1.tgz#48fa70f06441c35e301a9c4b6c825526a97b7a29"
  integrity sha512-BBfxVThaPrglqHmKtSdrZJxnbFGJqKdZ5ZvDarj3HsmkteGCXsP1ohrDi5TWoa5JEJFo9S6q6NywqsENZn9rZA==
  dependencies:
    "@babel/runtime" "^7.4.4"
    "@emotion/hash" "^0.7.1"
    "@material-ui/types" "^4.1.1"
    "@material-ui/utils" "^4.7.1"
    clsx "^1.0.2"
    csstype "^2.5.2"
    hoist-non-react-statics "^3.2.1"
    jss "^10.0.0"
    jss-plugin-camel-case "^10.0.0"
    jss-plugin-default-unit "^10.0.0"
    jss-plugin-global "^10.0.0"
    jss-plugin-nested "^10.0.0"
    jss-plugin-props-sort "^10.0.0"
    jss-plugin-rule-value-function "^10.0.0"
    jss-plugin-vendor-prefixer "^10.0.0"
    prop-types "^15.7.2"

"@material-ui/system@^4.7.1":
  version "4.7.1"
  resolved "https://registry.yarnpkg.com/@material-ui/system/-/system-4.7.1.tgz#d928dacc0eeae6bea569ff3ee079f409efb3517d"
  integrity sha512-zH02p+FOimXLSKOW/OT2laYkl9bB3dD1AvnZqsHYoseUaq0aVrpbl2BGjQi+vJ5lg8w73uYlt9zOWzb3+1UdMQ==
  dependencies:
    "@babel/runtime" "^7.4.4"
    "@material-ui/utils" "^4.7.1"
    prop-types "^15.7.2"

"@material-ui/types@^4.1.1":
  version "4.1.1"
  resolved "https://registry.yarnpkg.com/@material-ui/types/-/types-4.1.1.tgz#b65e002d926089970a3271213a3ad7a21b17f02b"
  integrity sha512-AN+GZNXytX9yxGi0JOfxHrRTbhFybjUJ05rnsBVjcB+16e466Z0Xe5IxawuOayVZgTBNDxmPKo5j4V6OnMtaSQ==
  dependencies:
    "@types/react" "*"

"@material-ui/utils@^4.7.1":
  version "4.7.1"
  resolved "https://registry.yarnpkg.com/@material-ui/utils/-/utils-4.7.1.tgz#dc16c7f0d2cd02fbcdd5cfe601fd6863ae3cc652"
  integrity sha512-+ux0SlLdlehvzCk2zdQ3KiS3/ylWvuo/JwAGhvb8dFVvwR21K28z0PU9OQW2PGogrMEdvX3miEI5tGxTwwWiwQ==
  dependencies:
    "@babel/runtime" "^7.4.4"
    prop-types "^15.7.2"
    react-is "^16.8.0"

"@types/prop-types@*":
  version "15.7.3"
  resolved "https://registry.yarnpkg.com/@types/prop-types/-/prop-types-15.7.3.tgz#2ab0d5da2e5815f94b0b9d4b95d1e5f243ab2ca7"
  integrity sha512-KfRL3PuHmqQLOG+2tGpRO26Ctg+Cq1E01D2DMriKEATHgWLfeNDmq9e29Q9WIky0dQ3NPkd1mzYH8Lm936Z9qw==

"@types/query-string@^6.1.1":
  version "6.3.0"
  resolved "https://registry.yarnpkg.com/@types/query-string/-/query-string-6.3.0.tgz#b6fa172a01405abcaedac681118e78429d62ea39"
  integrity sha512-yuIv/WRffRzL7cBW+sla4HwBZrEXRNf1MKQ5SklPEadth+BKbDxiVG8A3iISN5B3yC4EeSCzMZP8llHTcUhOzQ==
  dependencies:
    query-string "*"

"@types/react-dom@^16.9.4":
  version "16.9.4"
  resolved "https://registry.yarnpkg.com/@types/react-dom/-/react-dom-16.9.4.tgz#0b58df09a60961dcb77f62d4f1832427513420df"
  integrity sha512-fya9xteU/n90tda0s+FtN5Ym4tbgxpq/hb/Af24dvs6uYnYn+fspaxw5USlw0R8apDNwxsqumdRoCoKitckQqw==
  dependencies:
    "@types/react" "*"

"@types/react-transition-group@^4.2.0":
  version "4.2.3"
  resolved "https://registry.yarnpkg.com/@types/react-transition-group/-/react-transition-group-4.2.3.tgz#4924133f7268694058e415bf7aea2d4c21131470"
  integrity sha512-Hk8jiuT7iLOHrcjKP/ZVSyCNXK73wJAUz60xm0mVhiRujrdiI++j4duLiL282VGxwAgxetHQFfqA29LgEeSkFA==
  dependencies:
    "@types/react" "*"

"@types/react@*", "@types/react@^16.9.17":
  version "16.9.17"
  resolved "https://registry.yarnpkg.com/@types/react/-/react-16.9.17.tgz#58f0cc0e9ec2425d1441dd7b623421a867aa253e"
  integrity sha512-UP27In4fp4sWF5JgyV6pwVPAQM83Fj76JOcg02X5BZcpSu5Wx+fP9RMqc2v0ssBoQIFvD5JdKY41gjJJKmw6Bg==
  dependencies:
    "@types/prop-types" "*"
    csstype "^2.2.0"

build-route-tree@^1.0.2:
  version "1.0.2"
  resolved "https://registry.yarnpkg.com/build-route-tree/-/build-route-tree-1.0.2.tgz#14d3b63346bf5db5e5c5ab31ef35ce2e8fc54436"
  integrity sha512-XV5J4ZloFuGsvzt7avfjtiY2KbgzVzdZhr67kbz29KHyOD51DGWPmaYQFwbuBOOy5Q6srmZeS7v4NBdC2Uh+XA==
  dependencies:
    "@types/query-string" "^6.1.1"
    path-to-regexp "^2.4.0"
    query-string "^6.2.0"

clsx@^1.0.2:
  version "1.0.4"
  resolved "https://registry.yarnpkg.com/clsx/-/clsx-1.0.4.tgz#0c0171f6d5cb2fe83848463c15fcc26b4df8c2ec"
  integrity sha512-1mQ557MIZTrL/140j+JVdRM6e31/OA4vTYxXgqIIZlndyfjHpyawKZia1Im05Vp9BWmImkcNrNtFYQMyFcgJDg==

convert-css-length@^2.0.1:
  version "2.0.1"
  resolved "https://registry.yarnpkg.com/convert-css-length/-/convert-css-length-2.0.1.tgz#90a76bde5bfd24d72881a5b45d02249b2c1d257c"
  integrity sha512-iGpbcvhLPRKUbBc0Quxx7w/bV14AC3ItuBEGMahA5WTYqB8lq9jH0kTXFheCBASsYnqeMFZhiTruNxr1N59Axg==

css-vendor@^2.0.7:
  version "2.0.7"
  resolved "https://registry.yarnpkg.com/css-vendor/-/css-vendor-2.0.7.tgz#4e6d53d953c187981576d6a542acc9fb57174bda"
  integrity sha512-VS9Rjt79+p7M0WkPqcAza4Yq1ZHrsHrwf7hPL/bjQB+c1lwmAI+1FXxYTYt818D/50fFVflw0XKleiBN5RITkg==
  dependencies:
    "@babel/runtime" "^7.6.2"
    is-in-browser "^1.0.2"

csstype@^2.2.0, csstype@^2.5.2, csstype@^2.6.5, csstype@^2.6.7:
  version "2.6.8"
  resolved "https://registry.yarnpkg.com/csstype/-/csstype-2.6.8.tgz#0fb6fc2417ffd2816a418c9336da74d7f07db431"
  integrity sha512-msVS9qTuMT5zwAGCVm4mxfrZ18BNc6Csd0oJAtiFMZ1FAx1CCvy2+5MDmYoix63LM/6NDbNtodCiGYGmFgO0dA==

decode-uri-component@^0.2.0:
  version "0.2.0"
  resolved "https://registry.yarnpkg.com/decode-uri-component/-/decode-uri-component-0.2.0.tgz#eb3913333458775cb84cd1a1fae062106bb87545"
  integrity sha1-6zkTMzRYd1y4TNGh+uBiEGu4dUU=

dom-helpers@^5.0.1:
  version "5.1.3"
  resolved "https://registry.yarnpkg.com/dom-helpers/-/dom-helpers-5.1.3.tgz#7233248eb3a2d1f74aafca31e52c5299cc8ce821"
  integrity sha512-nZD1OtwfWGRBWlpANxacBEZrEuLa16o1nh7YopFWeoF68Zt8GGEmzHu6Xv4F3XaFIC+YXtTLrzgqKxFgLEe4jw==
  dependencies:
    "@babel/runtime" "^7.6.3"
    csstype "^2.6.7"

gud@^1.0.0:
  version "1.0.0"
  resolved "https://registry.yarnpkg.com/gud/-/gud-1.0.0.tgz#a489581b17e6a70beca9abe3ae57de7a499852c0"
  integrity sha512-zGEOVKFM5sVPPrYs7J5/hYEw2Pof8KCyOwyhG8sAF26mCAeUFAcYPu1mwB7hhpIP29zOIBaDqwuHdLp0jvZXjw==

history@^4.9.0:
  version "4.10.1"
  resolved "https://registry.yarnpkg.com/history/-/history-4.10.1.tgz#33371a65e3a83b267434e2b3f3b1b4c58aad4cf3"
  integrity sha512-36nwAD620w12kuzPAsyINPWJqlNbij+hpK1k9XRloDtym8mxzGYl2c17LnV6IAGB2Dmg4tEa7G7DlawS0+qjew==
  dependencies:
    "@babel/runtime" "^7.1.2"
    loose-envify "^1.2.0"
    resolve-pathname "^3.0.0"
    tiny-invariant "^1.0.2"
    tiny-warning "^1.0.0"
    value-equal "^1.0.1"

hoist-non-react-statics@^3.1.0, hoist-non-react-statics@^3.2.1:
  version "3.3.1"
  resolved "https://registry.yarnpkg.com/hoist-non-react-statics/-/hoist-non-react-statics-3.3.1.tgz#101685d3aff3b23ea213163f6e8e12f4f111e19f"
  integrity sha512-wbg3bpgA/ZqWrZuMOeJi8+SKMhr7X9TesL/rXMjTzh0p0JUBo3II8DHboYbuIXWRlttrUFxwcu/5kygrCw8fJw==
  dependencies:
    react-is "^16.7.0"

hyphenate-style-name@^1.0.3:
  version "1.0.3"
  resolved "https://registry.yarnpkg.com/hyphenate-style-name/-/hyphenate-style-name-1.0.3.tgz#097bb7fa0b8f1a9cf0bd5c734cf95899981a9b48"
  integrity sha512-EcuixamT82oplpoJ2XU4pDtKGWQ7b00CD9f1ug9IaQ3p1bkHMiKCZ9ut9QDI6qsa6cpUuB+A/I+zLtdNK4n2DQ==

is-in-browser@^1.0.2, is-in-browser@^1.1.3:
  version "1.1.3"
  resolved "https://registry.yarnpkg.com/is-in-browser/-/is-in-browser-1.1.3.tgz#56ff4db683a078c6082eb95dad7dc62e1d04f835"
  integrity sha1-Vv9NtoOgeMYILrldrX3GLh0E+DU=

isarray@0.0.1:
  version "0.0.1"
  resolved "https://registry.yarnpkg.com/isarray/-/isarray-0.0.1.tgz#8a18acfca9a8f4177e09abfc6038939b05d1eedf"
  integrity sha1-ihis/Kmo9Bd+Cav8YDiTmwXR7t8=

"js-tokens@^3.0.0 || ^4.0.0":
  version "4.0.0"
  resolved "https://registry.yarnpkg.com/js-tokens/-/js-tokens-4.0.0.tgz#19203fb59991df98e3a287050d4647cdeaf32499"
  integrity sha512-RdJUflcE3cUzKiMqQgsCu06FPu9UdIJO0beYbPhHN4k6apgJtifcoCtT9bcxOpYBtpD2kCM6Sbzg4CausW/PKQ==

jss-plugin-camel-case@^10.0.0:
  version "10.0.1"
  resolved "https://registry.yarnpkg.com/jss-plugin-camel-case/-/jss-plugin-camel-case-10.0.1.tgz#17104dde977cb392568638d0bf49bc9fde0b505f"
  integrity sha512-30VChNVSrfXWgIawMAaDM6WROEMRmiD4GOahb5/FuzaYSRBChwAr0K1DLR+H7ftCthiixxBNXxwOK2/FeyoHmg==
  dependencies:
    "@babel/runtime" "^7.3.1"
    hyphenate-style-name "^1.0.3"
    jss "10.0.1"

jss-plugin-default-unit@^10.0.0:
  version "10.0.1"
  resolved "https://registry.yarnpkg.com/jss-plugin-default-unit/-/jss-plugin-default-unit-10.0.1.tgz#8fa23a3640aa179ecb13e49bc7c148d49406633d"
  integrity sha512-uXlP9yllnDnU9BJMYyOoscVHzo7sVbmzPnUeXyYyhVO5UOB9H8N6yN7YG+fwpFN5NhzCuxPQYwMwzcY7tbJLgQ==
  dependencies:
    "@babel/runtime" "^7.3.1"
    jss "10.0.1"

jss-plugin-global@^10.0.0:
  version "10.0.1"
  resolved "https://registry.yarnpkg.com/jss-plugin-global/-/jss-plugin-global-10.0.1.tgz#36071fd507d5fdd7cd5bd11b51b5bdf78d56a830"
  integrity sha512-o4ZVk3YoLUgjGp8Qbn9LHiZqQXhiZT+chCWvRsvSmAnEAU/ryXsZFy8GM771/mQpuHLvq+9RKlAe8Ru159hgZA==
  dependencies:
    "@babel/runtime" "^7.3.1"
    jss "10.0.1"

jss-plugin-nested@^10.0.0:
  version "10.0.1"
  resolved "https://registry.yarnpkg.com/jss-plugin-nested/-/jss-plugin-nested-10.0.1.tgz#2eb43bd60a6599a6aadaec19c343e51801b74828"
  integrity sha512-sy1pkAxSKWXJGhMbcIAmcg67DohvE7IgP+XeHFcVHvEzTkjAPaJW7pCOca6YuoqVRnhqEl6xCklj+VX/8GUl6A==
  dependencies:
    "@babel/runtime" "^7.3.1"
    jss "10.0.1"
    tiny-warning "^1.0.2"

jss-plugin-props-sort@^10.0.0:
  version "10.0.1"
  resolved "https://registry.yarnpkg.com/jss-plugin-props-sort/-/jss-plugin-props-sort-10.0.1.tgz#73d7700eb998a6ae9bcc2a12571579fc09e7a539"
  integrity sha512-d9A7nmYPypSbdeECEUuyrXllFicn4P3mPk/PCd1XpMeEvxb0P54rXEZrh7Sn/gDHT/W9IJDlGdX7zZtiNOyKBQ==
  dependencies:
    "@babel/runtime" "^7.3.1"
    jss "10.0.1"

jss-plugin-rule-value-function@^10.0.0:
  version "10.0.1"
  resolved "https://registry.yarnpkg.com/jss-plugin-rule-value-function/-/jss-plugin-rule-value-function-10.0.1.tgz#2bc76381364b49e25fe00557b80f074051d9f49d"
  integrity sha512-nHhhDlJYRY4eZ+oMesK/NVC1E/jJs567txLG14eZvZ7U0+roddeM8EOSEMrwD3D0UTSjbiWCJxyxa1mxe9LgCA==
  dependencies:
    "@babel/runtime" "^7.3.1"
    jss "10.0.1"

jss-plugin-vendor-prefixer@^10.0.0:
  version "10.0.1"
  resolved "https://registry.yarnpkg.com/jss-plugin-vendor-prefixer/-/jss-plugin-vendor-prefixer-10.0.1.tgz#d90ee00b98487836fba9f9e45fcb5d8d8b751f05"
  integrity sha512-m5PDwFblX5WN51A8M02Lkamiy5/sZqE7YhA+z/1ftACJXdKsBS7/QFt5IvP1gm4qXErjGzTrqJl0uxZO36KNcw==
  dependencies:
    "@babel/runtime" "^7.3.1"
    css-vendor "^2.0.7"
    jss "10.0.1"

jss@10.0.1, jss@^10.0.0:
  version "10.0.1"
  resolved "https://registry.yarnpkg.com/jss/-/jss-10.0.1.tgz#1275f20a7ec306baf5b357e7d17a18a6f1e64eb2"
  integrity sha512-0LlP0XJmjxG+i6RlXbUdP1oA+idpxB8sZ2jyoPnJxpsaP4SAZaODLECqWkOuj79WE94lLOpvjLHwTT2xTanDxA==
  dependencies:
    "@babel/runtime" "^7.3.1"
    csstype "^2.6.5"
    is-in-browser "^1.1.3"
    tiny-warning "^1.0.2"

loose-envify@^1.1.0, loose-envify@^1.2.0, loose-envify@^1.3.1, loose-envify@^1.4.0:
  version "1.4.0"
  resolved "https://registry.yarnpkg.com/loose-envify/-/loose-envify-1.4.0.tgz#71ee51fa7be4caec1a63839f7e682d8132d30caf"
  integrity sha512-lyuxPGr/Wfhrlem2CL/UcnUc1zcqKAImBDzukY7Y5F/yQiNdko6+fRLevlw1HgMySw7f611UIY408EtxRSoK3Q==
  dependencies:
    js-tokens "^3.0.0 || ^4.0.0"

mini-create-react-context@^0.3.0:
  version "0.3.2"
  resolved "https://registry.yarnpkg.com/mini-create-react-context/-/mini-create-react-context-0.3.2.tgz#79fc598f283dd623da8e088b05db8cddab250189"
  integrity sha512-2v+OeetEyliMt5VHMXsBhABoJ0/M4RCe7fatd/fBy6SMiKazUSEt3gxxypfnk2SHMkdBYvorHRoQxuGoiwbzAw==
  dependencies:
    "@babel/runtime" "^7.4.0"
    gud "^1.0.0"
    tiny-warning "^1.0.2"

normalize-scroll-left@^0.2.0:
  version "0.2.0"
  resolved "https://registry.yarnpkg.com/normalize-scroll-left/-/normalize-scroll-left-0.2.0.tgz#9445d74275f303cc661e113329aefa492f58114c"
  integrity sha512-t5oCENZJl8TGusJKoCJm7+asaSsPuNmK6+iEjrZ5TyBj2f02brCRsd4c83hwtu+e5d4LCSBZ0uoDlMjBo+A8yA==

object-assign@^4.1.1:
  version "4.1.1"
  resolved "https://registry.yarnpkg.com/object-assign/-/object-assign-4.1.1.tgz#2109adc7965887cfc05cbbd442cac8bfbb360863"
  integrity sha1-IQmtx5ZYh8/AXLvUQsrIv7s2CGM=

path-to-regexp@^1.7.0:
  version "1.8.0"
  resolved "https://registry.yarnpkg.com/path-to-regexp/-/path-to-regexp-1.8.0.tgz#887b3ba9d84393e87a0a0b9f4cb756198b53548a"
  integrity sha512-n43JRhlUKUAlibEJhPeir1ncUID16QnEjNpwzNdO3Lm4ywrBpBZ5oLD0I6br9evr1Y9JTqwRtAh7JLoOzAQdVA==
  dependencies:
    isarray "0.0.1"

path-to-regexp@^2.4.0:
  version "2.4.0"
  resolved "https://registry.yarnpkg.com/path-to-regexp/-/path-to-regexp-2.4.0.tgz#35ce7f333d5616f1c1e1bfe266c3aba2e5b2e704"
  integrity sha512-G6zHoVqC6GGTQkZwF4lkuEyMbVOjoBKAEybQUypI1WTkqinCOrq2x6U2+phkJ1XsEMTy4LjtwPI7HW+NVrRR2w==

popper.js@^1.14.1:
  version "1.16.0"
  resolved "https://registry.yarnpkg.com/popper.js/-/popper.js-1.16.0.tgz#2e1816bcbbaa518ea6c2e15a466f4cb9c6e2fbb3"
  integrity sha512-+G+EkOPoE5S/zChTpmBSSDYmhXJ5PsW8eMhH8cP/CQHMFPBG/kC9Y5IIw6qNYgdJ+/COf0ddY2li28iHaZRSjw==

prop-types@^15.6.2, prop-types@^15.7.2:
  version "15.7.2"
  resolved "https://registry.yarnpkg.com/prop-types/-/prop-types-15.7.2.tgz#52c41e75b8c87e72b9d9360e0206b99dcbffa6c5"
  integrity sha512-8QQikdH7//R2vurIJSutZ1smHYTcLpRWEOlHnzcWHmBYrOGUysKwSsrC89BCiFj3CbrfJ/nXFdJepOVrY1GCHQ==
  dependencies:
    loose-envify "^1.4.0"
    object-assign "^4.1.1"
    react-is "^16.8.1"

query-string@*, query-string@^6.2.0:
  version "6.9.0"
  resolved "https://registry.yarnpkg.com/query-string/-/query-string-6.9.0.tgz#1c3b727c370cf00f177c99f328fda2108f8fa3dd"
  integrity sha512-KG4bhCFYapExLsUHrFt+kQVEegF2agm4cpF/VNc6pZVthIfCc/GK8t8VyNIE3nyXG9DK3Tf2EGkxjR6/uRdYsA==
  dependencies:
    decode-uri-component "^0.2.0"
    split-on-first "^1.0.0"
    strict-uri-encode "^2.0.0"

react-dom@^16.12.0:
  version "16.12.0"
  resolved "https://registry.yarnpkg.com/react-dom/-/react-dom-16.12.0.tgz#0da4b714b8d13c2038c9396b54a92baea633fe11"
  integrity sha512-LMxFfAGrcS3kETtQaCkTKjMiifahaMySFDn71fZUNpPHZQEzmk/GiAeIT8JSOrHB23fnuCOMruL2a8NYlw+8Gw==
  dependencies:
    loose-envify "^1.1.0"
    object-assign "^4.1.1"
    prop-types "^15.6.2"
    scheduler "^0.18.0"

react-is@^16.6.0, react-is@^16.7.0, react-is@^16.8.0, react-is@^16.8.1:
  version "16.12.0"
  resolved "https://registry.yarnpkg.com/react-is/-/react-is-16.12.0.tgz#2cc0fe0fba742d97fd527c42a13bec4eeb06241c"
  integrity sha512-rPCkf/mWBtKc97aLL9/txD8DZdemK0vkA3JMLShjlJB3Pj3s+lpf1KaBzMfQrAmhMQB0n1cU/SUGgKKBCe837Q==

react-router-dom@^5.1.2:
  version "5.1.2"
  resolved "https://registry.yarnpkg.com/react-router-dom/-/react-router-dom-5.1.2.tgz#06701b834352f44d37fbb6311f870f84c76b9c18"
  integrity sha512-7BPHAaIwWpZS074UKaw1FjVdZBSVWEk8IuDXdB+OkLb8vd/WRQIpA4ag9WQk61aEfQs47wHyjWUoUGGZxpQXew==
  dependencies:
    "@babel/runtime" "^7.1.2"
    history "^4.9.0"
    loose-envify "^1.3.1"
    prop-types "^15.6.2"
    react-router "5.1.2"
    tiny-invariant "^1.0.2"
    tiny-warning "^1.0.0"

react-router@5.1.2, react-router@^5.1.2:
  version "5.1.2"
  resolved "https://registry.yarnpkg.com/react-router/-/react-router-5.1.2.tgz#6ea51d789cb36a6be1ba5f7c0d48dd9e817d3418"
  integrity sha512-yjEuMFy1ONK246B+rsa0cUam5OeAQ8pyclRDgpxuSCrAlJ1qN9uZ5IgyKC7gQg0w8OM50NXHEegPh/ks9YuR2A==
  dependencies:
    "@babel/runtime" "^7.1.2"
    history "^4.9.0"
    hoist-non-react-statics "^3.1.0"
    loose-envify "^1.3.1"
    mini-create-react-context "^0.3.0"
    path-to-regexp "^1.7.0"
    prop-types "^15.6.2"
    react-is "^16.6.0"
    tiny-invariant "^1.0.2"
    tiny-warning "^1.0.0"

react-transition-group@^4.3.0:
  version "4.3.0"
  resolved "https://registry.yarnpkg.com/react-transition-group/-/react-transition-group-4.3.0.tgz#fea832e386cf8796c58b61874a3319704f5ce683"
  integrity sha512-1qRV1ZuVSdxPlPf4O8t7inxUGpdyO5zG9IoNfJxSO0ImU2A1YWkEQvFPuIPZmMLkg5hYs7vv5mMOyfgSkvAwvw==
  dependencies:
    "@babel/runtime" "^7.5.5"
    dom-helpers "^5.0.1"
    loose-envify "^1.4.0"
    prop-types "^15.6.2"

react@^16.0.0:
  version "16.12.0"
  resolved "https://registry.yarnpkg.com/react/-/react-16.12.0.tgz#0c0a9c6a142429e3614834d5a778e18aa78a0b83"
  integrity sha512-fglqy3k5E+81pA8s+7K0/T3DBCF0ZDOher1elBFzF7O6arXJgzyu/FW+COxFvAWXJoJN9KIZbT2LXlukwphYTA==
  dependencies:
    loose-envify "^1.1.0"
    object-assign "^4.1.1"
    prop-types "^15.6.2"

regenerator-runtime@^0.13.2:
  version "0.13.3"
  resolved "https://registry.yarnpkg.com/regenerator-runtime/-/regenerator-runtime-0.13.3.tgz#7cf6a77d8f5c6f60eb73c5fc1955b2ceb01e6bf5"
  integrity sha512-naKIZz2GQ8JWh///G7L3X6LaQUAMp2lvb1rvwwsURe/VXwD6VMfr+/1NuNw3ag8v2kY1aQ/go5SNn79O9JU7yw==

resolve-pathname@^3.0.0:
  version "3.0.0"
  resolved "https://registry.yarnpkg.com/resolve-pathname/-/resolve-pathname-3.0.0.tgz#99d02224d3cf263689becbb393bc560313025dcd"
  integrity sha512-C7rARubxI8bXFNB/hqcp/4iUeIXJhJZvFPFPiSPRnhU5UPxzMFIl+2E6yY6c4k9giDJAhtV+enfA+G89N6Csng==

scheduler@^0.18.0:
  version "0.18.0"
  resolved "https://registry.yarnpkg.com/scheduler/-/scheduler-0.18.0.tgz#5901ad6659bc1d8f3fdaf36eb7a67b0d6746b1c4"
  integrity sha512-agTSHR1Nbfi6ulI0kYNK0203joW2Y5W4po4l+v03tOoiJKpTBbxpNhWDvqc/4IcOw+KLmSiQLTasZ4cab2/UWQ==
  dependencies:
    loose-envify "^1.1.0"
    object-assign "^4.1.1"

split-on-first@^1.0.0:
  version "1.1.0"
  resolved "https://registry.yarnpkg.com/split-on-first/-/split-on-first-1.1.0.tgz#f610afeee3b12bce1d0c30425e76398b78249a5f"
  integrity sha512-43ZssAJaMusuKWL8sKUBQXHWOpq8d6CfN/u1p4gUzfJkM05C8rxTmYrkIPTXapZpORA6LkkzcUulJ8FqA7Uudw==

strict-uri-encode@^2.0.0:
  version "2.0.0"
  resolved "https://registry.yarnpkg.com/strict-uri-encode/-/strict-uri-encode-2.0.0.tgz#b9c7330c7042862f6b142dc274bbcc5866ce3546"
  integrity sha1-ucczDHBChi9rFC3CdLvMWGbONUY=

tiny-invariant@^1.0.2:
  version "1.0.6"
  resolved "https://registry.yarnpkg.com/tiny-invariant/-/tiny-invariant-1.0.6.tgz#b3f9b38835e36a41c843a3b0907a5a7b3755de73"
  integrity sha512-FOyLWWVjG+aC0UqG76V53yAWdXfH8bO6FNmyZOuUrzDzK8DI3/JRY25UD7+g49JWM1LXwymsKERB+DzI0dTEQA==

tiny-warning@^1.0.0, tiny-warning@^1.0.2:
  version "1.0.3"
  resolved "https://registry.yarnpkg.com/tiny-warning/-/tiny-warning-1.0.3.tgz#94a30db453df4c643d0fd566060d60a875d84754"
  integrity sha512-lBN9zLN/oAf68o3zNXYrdCt1kP8WsiGW8Oo2ka41b2IM5JL/S1CTyX1rW0mb/zSuJun0ZUrDxx4sqvYS2FWzPA==

tslib@^1.10.0:
  version "1.10.0"
  resolved "https://registry.yarnpkg.com/tslib/-/tslib-1.10.0.tgz#c3c19f95973fb0a62973fb09d90d961ee43e5c8a"
  integrity sha512-qOebF53frne81cf0S9B41ByenJ3/IuH8yJKngAX35CmiZySA0khhkovshKK+jGCaMnVomla7gVlIcc3EvKPbTQ==

typescript@^3.7.4:
  version "3.7.4"
  resolved "https://registry.yarnpkg.com/typescript/-/typescript-3.7.4.tgz#1743a5ec5fef6a1fa9f3e4708e33c81c73876c19"
  integrity sha512-A25xv5XCtarLwXpcDNZzCGvW2D1S3/bACratYBx2sax8PefsFhlYmkQicKHvpYflFS8if4zne5zT5kpJ7pzuvw==

value-equal@^1.0.1:
  version "1.0.1"
  resolved "https://registry.yarnpkg.com/value-equal/-/value-equal-1.0.1.tgz#1e0b794c734c5c0cade179c437d356d931a34d6c"
  integrity sha512-NOJ6JZCAWr0zlxZt+xqCHNTEKOsrks2HQd4MqhP1qy4z1SkbEP467eNx6TgDKXMvUOb+OENfJCZwM+16n7fRfw==
